{
  "requires": true,
  "lockfileVersion": 1,
  "dependencies": {
    "angular-route": {
      "version": "1.7.8",
      "resolved": "https://registry.npmjs.org/angular-route/-/angular-route-1.7.8.tgz",
      "integrity": "sha512-VVk89PH0fsY5kfbx+N7IVX1IwnaPWYhMGY0uA+rjej2v1sjvrTx1SLkxUK4E0UpW1hXeLJhN7ncBcwoBiPtAtA=="
    },
    "in-view": {
      "version": "0.6.1",
      "resolved": "https://registry.npmjs.org/in-view/-/in-view-0.6.1.tgz",
      "integrity": "sha1-+fmbXVpv4BNZ2eGcVwMCoxIbr0I=",
      "requires": {
        "lodash": "^4.15.0"
      }
    },
    "lodash": {
      "version": "4.17.15",
      "resolved": "https://registry.npmjs.org/lodash/-/lodash-4.17.15.tgz",
      "integrity": "sha512-8xOcRHvCjnocdS5cpwXQXVzmmh5e5+saE2QGoeQmbKmRS6J3VQppPOIt0MnmE+4xlZoumy0GPG0D0MVIQbNA1A=="
    },
    "ngx-in-view": {
      "version": "0.2.1",
      "resolved": "https://registry.npmjs.org/ngx-in-view/-/ngx-in-view-0.2.1.tgz",
      "integrity": "sha1-Fp3oLfHmm2LwfhxgKudGxJ0gyYw=",
      "requires": {
        "in-view": "^0.6.1"
      }
    }
  }
}
